
Microsoft Visual Studio Solution File, Format Version 12.00
# Visual Studio Version 16
VisualStudioVersion = 16.0.30711.63
MinimumVisualStudioVersion = 10.0.40219.1
Project("{FAE04EC0-301F-11D3-BF4B-00C04F79EFBC}") = "FileManager", "FileManager\FileManager.csproj", "{EDF906C4-1B97-4E7B-B68D-0BC08AE9667E}"
EndProject
Global
	GlobalSection(SolutionConfigurationPlatforms) = preSolution
		Debug|Any CPU = Debug|Any CPU
		Release|Any CPU = Release|Any CPU
	EndGlobalSection
	GlobalSection(ProjectConfigurationPlatforms) = postSolution
		{EDF906C4-1B97-4E7B-B68D-0BC08AE9667E}.Debug|Any CPU.ActiveCfg = Debug|Any CPU
		{EDF906C4-1B97-4E7B-B68D-0BC08AE9667E}.Debug|Any CPU.Build.0 = Debug|Any CPU
		{EDF906C4-1B97-4E7B-B68D-0BC08AE9667E}.Release|Any CPU.ActiveCfg = Release|Any CPU
		{EDF906C4-1B97-4E7B-B68D-0BC08AE9667E}.Release|Any CPU.Build.0 = Release|Any CPU
	EndGlobalSection
	GlobalSection(SolutionProperties) = preSolution
		HideSolutionNode = FALSE
	EndGlobalSection
	GlobalSection(ExtensibilityGlobals) = postSolution
		SolutionGuid = {1C4756F2-0952-486D-97DE-6E0EC7DF078C}
	EndGlobalSection
EndGlobal
